# THIS IS AN AUTOGENERATED FILE. DO NOT EDIT THIS FILE DIRECTLY.
# yarn lockfile v1


"@esbuild/android-arm64@0.17.13":
  version "0.17.13"
  resolved "https://registry.yarnpkg.com/@esbuild/android-arm64/-/android-arm64-0.17.13.tgz#88e5b6afe65ef3168b0eb6dc93fdb1b15f4653c9"
  integrity sha512-F5DgvJMV2ZEpLNpPCO7FEk1wy8O5tg6cikWSB6uvvncsgE1xgbPlm+Boio/4820C2/mj713X83X1h01v0qoeHg==

"@esbuild/android-arm@0.17.13":
  version "0.17.13"
  resolved "https://registry.yarnpkg.com/@esbuild/android-arm/-/android-arm-0.17.13.tgz#5a1cfd20453eb1c8a64602069d3e2187a2278b34"
  integrity sha512-5tZZ/hLIfBmt7E8JsE5KbsknoAFmoElkg+A/gjyPtmSQvJjPf+9GsSJihid8VMa08lrsYyaEXOT9RLh3xXQONw==

"@esbuild/android-x64@0.17.13":
  version "0.17.13"
  resolved "https://registry.yarnpkg.com/@esbuild/android-x64/-/android-x64-0.17.13.tgz#4228fef54b7c9c0167693f634301648a9a35d7e4"
  integrity sha512-5m1UUslzpfVrumG3m3Zv2x9VNAcvMOQWJy009y6jt10tcHpzIq2/b0I0k4fz0QYqGSNS1GteRIhVPN4H7OyCXg==

"@esbuild/darwin-arm64@0.17.13":
  version "0.17.13"
  resolved "https://registry.yarnpkg.com/@esbuild/darwin-arm64/-/darwin-arm64-0.17.13.tgz#83964a0ded926c1ef16f5329b80cf505d073e4da"
  integrity sha512-TXbXp/05r7heRsG8yWwbHw9diay+wXIyRNcIHFoNARRIGahYbTW/qwJzE37zkfxLIUPHgR/SyLTUlnTICg14ag==

"@esbuild/darwin-x64@0.17.13":
  version "0.17.13"
  resolved "https://registry.yarnpkg.com/@esbuild/darwin-x64/-/darwin-x64-0.17.13.tgz#330ad462247e5109079efbc1c782c981e584913f"
  integrity sha512-Ku9Db2sblCxFvQdEO7X9nBaLR/S81uch81e2Q2+Os5z1NcnsFjuqhIYH0Gm6KNNpIKaEbC7gCLbiIPbLLMX4Pg==

"@esbuild/freebsd-arm64@0.17.13":
  version "0.17.13"
  resolved "https://registry.yarnpkg.com/@esbuild/freebsd-arm64/-/freebsd-arm64-0.17.13.tgz#59ca41062922c759ad32421d93a6fa0e85290a6b"
  integrity sha512-t1T5/nIf2j+FdSf1Fa3dcU0cXycr0nK4xJe52qjWa+1I249mM5NBY1ODjiabZxZ0x3CG05y4fd9bxfDLy9kQtA==

"@esbuild/freebsd-x64@0.17.13":
  version "0.17.13"
  resolved "https://registry.yarnpkg.com/@esbuild/freebsd-x64/-/freebsd-x64-0.17.13.tgz#349b22850b18323690f90127117d83f351303a7b"
  integrity sha512-/zbkgEO4gY2qGZr9UNAGI38w/FwUY4bx4EC88k9VeiCKNr3ukNgwH/oIgB5Z9/OqpkNLlcS4w9e2d/MIiy5fbw==

"@esbuild/linux-arm64@0.17.13":
  version "0.17.13"
  resolved "https://registry.yarnpkg.com/@esbuild/linux-arm64/-/linux-arm64-0.17.13.tgz#92aa31b0ef1521506e14c27bb960f18eaee5c31f"
  integrity sha512-siu3QZrQ7eGrSttvFaRKyjT7kNRbUuHEKzCCyqRh19MbpGokGY13jbIsBEjx6JmH3T50hds325oweS9Ey2ihAQ==

"@esbuild/linux-arm@0.17.13":
  version "0.17.13"
  resolved "https://registry.yarnpkg.com/@esbuild/linux-arm/-/linux-arm-0.17.13.tgz#3ebbf4764c36f90e58a6342f67844f7628988faf"
  integrity sha512-RrhjzrCF6aCDH248nUAQoldnRmN7nHMxv85GOj5AH+qkxxYvcig7fnUmgANngntRu4btXhN9WKHMgQ5seERDMw==

"@esbuild/linux-ia32@0.17.13":
  version "0.17.13"
  resolved "https://registry.yarnpkg.com/@esbuild/linux-ia32/-/linux-ia32-0.17.13.tgz#7c10f44eed774d6e5ebe652af30e3703819314f6"
  integrity sha512-ADHA1PqP5gIegehVP0RvxMmNPxpLgetI8QCwYOjUheGXKIKWSdUN8ZS3rusQv3NGZmFCpYdMZzFoI0QtzzGAdw==

"@esbuild/linux-loong64@0.17.13":
  version "0.17.13"
  resolved "https://registry.yarnpkg.com/@esbuild/linux-loong64/-/linux-loong64-0.17.13.tgz#80def2d6b0f636deb915ca17353aed42c668e3f7"
  integrity sha512-n1JQPxETmR0brkpWlJHeohReEPLH+m00bnJdNnFyHN3zLBt1QypevuZSmnmFWsC+7r7HTwWILj3lBDjtPH3ydg==

"@esbuild/linux-mips64el@0.17.13":
  version "0.17.13"
  resolved "https://registry.yarnpkg.com/@esbuild/linux-mips64el/-/linux-mips64el-0.17.13.tgz#4d80d34c1ab79c57f5df819e45e555a695c840ab"
  integrity sha512-d0pnD/j5KKQ43xtSIvOD+wNIy6D/Vh9GbXVRa3u4zCyiJMYWjxkPkbBzlEgNjdDmUM+5gBFen9k7B8Xscy+Myg==

"@esbuild/linux-ppc64@0.17.13":
  version "0.17.13"
  resolved "https://registry.yarnpkg.com/@esbuild/linux-ppc64/-/linux-ppc64-0.17.13.tgz#7b668c77ecd58b499622e360400670a8a57697b8"
  integrity sha512-C9sMpa/VcGLjVtsT01sXtzZNS7bAZ+icUclkKkiUwBQ9hzT+J+/Xpj+EykI5hB3KgtxQVo4XUahanFoZNxbQ1g==

"@esbuild/linux-riscv64@0.17.13":
  version "0.17.13"
  resolved "https://registry.yarnpkg.com/@esbuild/linux-riscv64/-/linux-riscv64-0.17.13.tgz#b2b8cdb6a444e86dcbfb16cb3e5a99d7eaf75c41"
  integrity sha512-jYkc5EpNpvjccAHNYekiAtklusVGWftR0VVLtng7dJzDyy+5adAsf1fOG3LllP0WALxS55/w6boLE/728J/bXw==

"@esbuild/linux-s390x@0.17.13":
  version "0.17.13"
  resolved "https://registry.yarnpkg.com/@esbuild/linux-s390x/-/linux-s390x-0.17.13.tgz#38dd0677b876c29280785b18cafc1673961e7f8e"
  integrity sha512-4jAJI5O6E/hATL4lsrG2A+noDjZ377KlATVFKwV3SWaNHj+OvoXe/T84ScQIXEtPI7ndJyLkMYruXj8RR5Ilyw==

"@esbuild/linux-x64@0.17.13":
  version "0.17.13"
  resolved "https://registry.yarnpkg.com/@esbuild/linux-x64/-/linux-x64-0.17.13.tgz#0fed27e7dd7c5b00d9d53c3759a1fc3b6b1dec53"
  integrity sha512-eFLQhJq98qijGRcv9je/9M4Mz1suZ+pOtj62ArsLd0gubNGhhQDz6T30X2X3f1KZ8lkKkr+zN5vtZzx1GAMoFw==

"@esbuild/netbsd-x64@0.17.13":
  version "0.17.13"
  resolved "https://registry.yarnpkg.com/@esbuild/netbsd-x64/-/netbsd-x64-0.17.13.tgz#5db5d517bd6395e63452a59cd4b00c12eb584c3a"
  integrity sha512-F8PXDeT+3eQpPjf4bmNJapPLu0SKKlWRGPQvBQqVS+YDGoMKnyyYp2UENLFMV8zT7kS39zKxZRZvUL3fMz/7Ww==

"@esbuild/openbsd-x64@0.17.13":
  version "0.17.13"
  resolved "https://registry.yarnpkg.com/@esbuild/openbsd-x64/-/openbsd-x64-0.17.13.tgz#d2270dad94a50b78eb67360a85ad45212ac6783b"
  integrity sha512-9jWfzbFCnIZdHjNs+00KQHArUbp7kjQDNmiuqkwGOQFs67m4/dKNupBv2DP5hTqVlQY4tW4RG3qpb6Y3zOHJeA==

"@esbuild/sunos-x64@0.17.13":
  version "0.17.13"
  resolved "https://registry.yarnpkg.com/@esbuild/sunos-x64/-/sunos-x64-0.17.13.tgz#716382743f17c080b17a782346c33c976e10345e"
  integrity sha512-ALbOMlTIBkAVi6KqYjONa7u2oH95RN7OpetFqMtjufFLBiSaayRuwUzhs2yuR9CfGT4qi0jv6HQDav+EG314TQ==

"@esbuild/win32-arm64@0.17.13":
  version "0.17.13"
  resolved "https://registry.yarnpkg.com/@esbuild/win32-arm64/-/win32-arm64-0.17.13.tgz#e9527611f3c9d2c2be61c86d4eb9077c060cdb39"
  integrity sha512-FJBLYL4PkrZGeuHzEqme+0DjNetxkJ+XbB+Aoeow7aQ53JCwsA0/mo8sS5aPkDHgCnMkN4A5GLoFTlDj3BKDrQ==

"@esbuild/win32-ia32@0.17.13":
  version "0.17.13"
  resolved "https://registry.yarnpkg.com/@esbuild/win32-ia32/-/win32-ia32-0.17.13.tgz#f5a1f05254852a6f511af5e1a86afbda807fe8c8"
  integrity sha512-Qrvst9RkLz4qgi3hqswNliYuKW92/HGJnd7xLWkGaGPa8S4qsONf81FW0ebDc5iUHb0I7QJwQATutvghTabnFA==

"@esbuild/win32-x64@0.17.13":
  version "0.17.13"
  resolved "https://registry.yarnpkg.com/@esbuild/win32-x64/-/win32-x64-0.17.13.tgz#eca2698440d931b5a0fb8a5a29388c17adcb6bf5"
  integrity sha512-pZ/NIgz861XaUPlIkPFjP55nJ4PJa0o/CD4zgeRb1Q9FVE+8GvdB6ifJcK05jRhny5hKExhnRFIdgHmmCYH8vg==

"@ragempcommunity/types-client@^2.1.3":
  version "2.1.3"
  resolved "https://registry.yarnpkg.com/@ragempcommunity/types-client/-/types-client-2.1.3.tgz#1f72524a6c77a5943c32e08d050956b3f5dd95c2"
  integrity sha512-UuxefNxkMGPPuNUeCRH8cgeuSOYpLrh085SeQYRAHG2nuTyCZogREvYsb6ra0ctd18YPV/mNS2SvOb3fF7ggpw==

dom-walk@^0.1.0:
  version "0.1.2"
  resolved "https://registry.yarnpkg.com/dom-walk/-/dom-walk-0.1.2.tgz#0c548bef048f4d1f2a97249002236060daa3fd84"
  integrity sha512-6QvTW9mrGeIegrFXdtQi9pk7O/nSK6lSdXW2eqUspN5LWD7UTji2Fqw5V2YLjBpHEoU9Xl/eUWNpDeZvoyOv2w==

esbuild@^0.17.10:
  version "0.17.13"
  resolved "https://registry.yarnpkg.com/esbuild/-/esbuild-0.17.13.tgz#463066919a5567e8d1f4781004129da7fc8774b6"
  integrity sha512-4ixMwdErBcQHgTBeoxnowENCPKWFAGxgTyKHMK8gqn9sZaC7ZNWFKtim16g2rzQ2b/FYyy3lIUUJboFtjolhqg==
  optionalDependencies:
    "@esbuild/android-arm" "0.17.13"
    "@esbuild/android-arm64" "0.17.13"
    "@esbuild/android-x64" "0.17.13"
    "@esbuild/darwin-arm64" "0.17.13"
    "@esbuild/darwin-x64" "0.17.13"
    "@esbuild/freebsd-arm64" "0.17.13"
    "@esbuild/freebsd-x64" "0.17.13"
    "@esbuild/linux-arm" "0.17.13"
    "@esbuild/linux-arm64" "0.17.13"
    "@esbuild/linux-ia32" "0.17.13"
    "@esbuild/linux-loong64" "0.17.13"
    "@esbuild/linux-mips64el" "0.17.13"
    "@esbuild/linux-ppc64" "0.17.13"
    "@esbuild/linux-riscv64" "0.17.13"
    "@esbuild/linux-s390x" "0.17.13"
    "@esbuild/linux-x64" "0.17.13"
    "@esbuild/netbsd-x64" "0.17.13"
    "@esbuild/openbsd-x64" "0.17.13"
    "@esbuild/sunos-x64" "0.17.13"
    "@esbuild/win32-arm64" "0.17.13"
    "@esbuild/win32-ia32" "0.17.13"
    "@esbuild/win32-x64" "0.17.13"

global@^4.4.0:
  version "4.4.0"
  resolved "https://registry.yarnpkg.com/global/-/global-4.4.0.tgz#3e7b105179006a323ed71aafca3e9c57a5cc6406"
  integrity sha512-wv/LAoHdRE3BeTGz53FAamhGlPLhlssK45usmGFThIi4XqnBmjKQ16u+RNbP7WvigRZDxUsM0J3gcQ5yicaL0w==
  dependencies:
    min-document "^2.19.0"
    process "^0.11.10"

min-document@^2.19.0:
  version "2.19.0"
  resolved "https://registry.yarnpkg.com/min-document/-/min-document-2.19.0.tgz#7bd282e3f5842ed295bb748cdd9f1ffa2c824685"
  integrity sha512-9Wy1B3m3f66bPPmU5hdA4DR4PB2OfDU/+GS3yAB7IQozE3tqXaVv2zOjgla7MEGSRv95+ILmOuvhLkOK6wJtCQ==
  dependencies:
    dom-walk "^0.1.0"

process@^0.11.10:
  version "0.11.10"
  resolved "https://registry.yarnpkg.com/process/-/process-0.11.10.tgz#7332300e840161bda3e69a1d1d91a7d4bc16f182"
  integrity sha512-cdGef/drWFoydD1JsMzuFf8100nZl+GT+yacc2bEced5f9Rjk4z+WtFUTBu9PhOi9j/jfmBPu0mMEY4wIdAF8A==
