# THIS IS AN AUTOGENERATED FILE. DO NOT EDIT THIS FILE DIRECTLY.
# yarn lockfile v1


"@ragempcommunity/types-server@^2.1.1":
  version "2.1.1"
  resolved "https://registry.yarnpkg.com/@ragempcommunity/types-server/-/types-server-2.1.1.tgz#9f5b667d9394f78a43ae5e7d304dd3ec5d49a028"
  integrity sha512-prX4R7jECp9D52sIqmezx9Nig3p5QY8NMeJOjEDUUUN4bhEaelb6ARNUL7TGgKN/+qs4TGKG8fBPdk0iY1fhhQ==
